
Microsoft Visual Studio Solution File, Format Version 12.00
# Visual Studio Version 16
VisualStudioVersion = 25.0.1706.4
MinimumVisualStudioVersion = 10.0.40219.1
Project("{FAE04EC0-301F-11D3-BF4B-00C04F79EFBC}") = "FirstApp", "FirstApp.csproj", "{E7FC645F-376C-4908-AB2F-D2E6B4657C86}"
EndProject
Project("{FAE04EC0-301F-11D3-BF4B-00C04F79EFBC}") = "BethanysPieShopHRM.Shared", "..\BethanysPieShopHRM.Shared\BethanysPieShopHRM.Shared.csproj", "{3CB144E0-9122-4200-98A2-287073B021D9}"
EndProject
Global
	GlobalSection(SolutionConfigurationPlatforms) = preSolution
		Debug|Any CPU = Debug|Any CPU
		Release|Any CPU = Release|Any CPU
	EndGlobalSection
	GlobalSection(ProjectConfigurationPlatforms) = postSolution
		{E7FC645F-376C-4908-AB2F-D2E6B4657C86}.Debug|Any CPU.ActiveCfg = Debug|Any CPU
		{E7FC645F-376C-4908-AB2F-D2E6B4657C86}.Debug|Any CPU.Build.0 = Debug|Any CPU
		{E7FC645F-376C-4908-AB2F-D2E6B4657C86}.Release|Any CPU.ActiveCfg = Release|Any CPU
		{E7FC645F-376C-4908-AB2F-D2E6B4657C86}.Release|Any CPU.Build.0 = Release|Any CPU
		{3CB144E0-9122-4200-98A2-287073B021D9}.Debug|Any CPU.ActiveCfg = Debug|Any CPU
		{3CB144E0-9122-4200-98A2-287073B021D9}.Debug|Any CPU.Build.0 = Debug|Any CPU
		{3CB144E0-9122-4200-98A2-287073B021D9}.Release|Any CPU.ActiveCfg = Release|Any CPU
		{3CB144E0-9122-4200-98A2-287073B021D9}.Release|Any CPU.Build.0 = Release|Any CPU
	EndGlobalSection
	GlobalSection(SolutionProperties) = preSolution
		HideSolutionNode = FALSE
	EndGlobalSection
	GlobalSection(ExtensibilityGlobals) = postSolution
		SolutionGuid = {51616CAD-DD46-4F20-AC8E-41813E52923B}
	EndGlobalSection
EndGlobal
